
Microsoft Visual Studio Solution File, Format Version 12.00
# Visual Studio 15
VisualStudioVersion = 15.0.28010.2026
MinimumVisualStudioVersion = 10.0.40219.1
Project("{FAE04EC0-301F-11D3-BF4B-00C04F79EFBC}") = "TypingTest", "TypingTest\TypingTest.csproj", "{F876D90E-1400-49B5-ADDE-FF82DC5DE5E0}"
EndProject
Global
	GlobalSection(SolutionConfigurationPlatforms) = preSolution
		Debug|Any CPU = Debug|Any CPU
		Release|Any CPU = Release|Any CPU
	EndGlobalSection
	GlobalSection(ProjectConfigurationPlatforms) = postSolution
		{F876D90E-1400-49B5-ADDE-FF82DC5DE5E0}.Debug|Any CPU.ActiveCfg = Debug|Any CPU
		{F876D90E-1400-49B5-ADDE-FF82DC5DE5E0}.Debug|Any CPU.Build.0 = Debug|Any CPU
		{F876D90E-1400-49B5-ADDE-FF82DC5DE5E0}.Release|Any CPU.ActiveCfg = Release|Any CPU
		{F876D90E-1400-49B5-ADDE-FF82DC5DE5E0}.Release|Any CPU.Build.0 = Release|Any CPU
	EndGlobalSection
	GlobalSection(SolutionProperties) = preSolution
		HideSolutionNode = FALSE
	EndGlobalSection
	GlobalSection(ExtensibilityGlobals) = postSolution
		SolutionGuid = {FA9318C4-0710-4702-84CD-C6365DA49D18}
	EndGlobalSection
EndGlobal
